
Microsoft Visual Studio Solution File, Format Version 12.00
# Visual Studio Version 17
VisualStudioVersion = 17.1.32319.34
MinimumVisualStudioVersion = 10.0.40219.1
Project("{FAE04EC0-301F-11D3-BF4B-00C04F79EFBC}") = "Task5", "Task5\Task5.csproj", "{FE272836-02DA-4E3F-9953-79A8E87FD88A}"
EndProject
Global
	GlobalSection(SolutionConfigurationPlatforms) = preSolution
		Debug|Any CPU = Debug|Any CPU
		Release|Any CPU = Release|Any CPU
	EndGlobalSection
	GlobalSection(ProjectConfigurationPlatforms) = postSolution
		{FE272836-02DA-4E3F-9953-79A8E87FD88A}.Debug|Any CPU.ActiveCfg = Debug|Any CPU
		{FE272836-02DA-4E3F-9953-79A8E87FD88A}.Debug|Any CPU.Build.0 = Debug|Any CPU
		{FE272836-02DA-4E3F-9953-79A8E87FD88A}.Release|Any CPU.ActiveCfg = Release|Any CPU
		{FE272836-02DA-4E3F-9953-79A8E87FD88A}.Release|Any CPU.Build.0 = Release|Any CPU
	EndGlobalSection
	GlobalSection(SolutionProperties) = preSolution
		HideSolutionNode = FALSE
	EndGlobalSection
	GlobalSection(ExtensibilityGlobals) = postSolution
		SolutionGuid = {DADCAF66-443E-465C-9F55-DC469E96A54D}
	EndGlobalSection
EndGlobal
